
Microsoft Visual Studio Solution File, Format Version 12.00
Project("{FAE04EC0-301F-11D3-BF4B-00C04F79EFBC}") = "RankLib", "src\RankLib\RankLib.csproj", "{08B4F192-ED07-445F-BCF4-DBFCC919E6FD}"
EndProject
Project("{FAE04EC0-301F-11D3-BF4B-00C04F79EFBC}") = "RankLib.Cli", "src\RankLib.Cli\RankLib.Cli.csproj", "{069925C7-8B79-4FDF-8C40-D2869445E7EA}"
EndProject
Project("{FAE04EC0-301F-11D3-BF4B-00C04F79EFBC}") = "RankLib.Tests", "tests\RankLib.Tests\RankLib.Tests.csproj", "{518F3172-A3C4-4A3A-9714-026DEBCEB21C}"
EndProject
Project("{FAE04EC0-301F-11D3-BF4B-00C04F79EFBC}") = "RankLib.Cli.Tests", "tests\RankLib.Cli.Tests\RankLib.Cli.Tests.csproj", "{F7DB4D13-E9B6-4BCE-99BC-56C77EFCA5A4}"
EndProject
Project("{FAE04EC0-301F-11D3-BF4B-00C04F79EFBC}") = "RankLib.Comparison.Tests", "tests\RankLib.Comparison.Tests\RankLib.Comparison.Tests.csproj", "{154FFCE9-E2E8-4D3D-8959-4710A62F4B21}"
EndProject
Project("{2150E333-8FDC-42A3-9474-1A3956D46DE8}") = "src", "src", "{0D76860A-E6B8-4546-8310-AE9B13D97F56}"
	ProjectSection(SolutionItems) = preProject
		src\Directory.Build.props = src\Directory.Build.props
	EndProjectSection
EndProject
Project("{2150E333-8FDC-42A3-9474-1A3956D46DE8}") = "tests", "tests", "{E1AF7739-5FDF-4E02-B7A5-8DA9A7CBD6F0}"
	ProjectSection(SolutionItems) = preProject
		tests\Directory.Build.props = tests\Directory.Build.props
	EndProjectSection
EndProject
Project("{2150E333-8FDC-42A3-9474-1A3956D46DE8}") = "build", "build", "{C6CD551C-98C5-4741-BB0C-949CA2C20288}"
EndProject
Project("{FAE04EC0-301F-11D3-BF4B-00C04F79EFBC}") = "Build", "build\Build\Build.csproj", "{F71AAD63-BCEE-4788-9390-666B6EDE28A0}"
EndProject
Project("{2150E333-8FDC-42A3-9474-1A3956D46DE8}") = "root", "root", "{8FC7CA5A-7788-48CA-9E58-2A88F5A6ABFC}"
	ProjectSection(SolutionItems) = preProject
		Directory.Packages.props = Directory.Packages.props
		Directory.Build.props = Directory.Build.props
		README.md = README.md
	EndProjectSection
EndProject
Project("{2150E333-8FDC-42A3-9474-1A3956D46DE8}") = "docs", "docs", "{945D8908-F90B-4ABC-8BB1-A8A7CAB0FCDC}"
	ProjectSection(SolutionItems) = preProject
		docs\docfx.json = docs\docfx.json
	EndProjectSection
EndProject
Project("{FAE04EC0-301F-11D3-BF4B-00C04F79EFBC}") = "Docs", "docs\Docs\Docs.csproj", "{DBBC69A8-E1D5-4A7E-B634-5CAA69936853}"
EndProject
Global
	GlobalSection(SolutionConfigurationPlatforms) = preSolution
		Debug|Any CPU = Debug|Any CPU
		Release|Any CPU = Release|Any CPU
	EndGlobalSection
	GlobalSection(ProjectConfigurationPlatforms) = postSolution
		{08B4F192-ED07-445F-BCF4-DBFCC919E6FD}.Debug|Any CPU.ActiveCfg = Debug|Any CPU
		{08B4F192-ED07-445F-BCF4-DBFCC919E6FD}.Debug|Any CPU.Build.0 = Debug|Any CPU
		{08B4F192-ED07-445F-BCF4-DBFCC919E6FD}.Release|Any CPU.ActiveCfg = Release|Any CPU
		{08B4F192-ED07-445F-BCF4-DBFCC919E6FD}.Release|Any CPU.Build.0 = Release|Any CPU
		{518F3172-A3C4-4A3A-9714-026DEBCEB21C}.Debug|Any CPU.ActiveCfg = Debug|Any CPU
		{518F3172-A3C4-4A3A-9714-026DEBCEB21C}.Debug|Any CPU.Build.0 = Debug|Any CPU
		{518F3172-A3C4-4A3A-9714-026DEBCEB21C}.Release|Any CPU.ActiveCfg = Release|Any CPU
		{518F3172-A3C4-4A3A-9714-026DEBCEB21C}.Release|Any CPU.Build.0 = Release|Any CPU
		{069925C7-8B79-4FDF-8C40-D2869445E7EA}.Debug|Any CPU.ActiveCfg = Debug|Any CPU
		{069925C7-8B79-4FDF-8C40-D2869445E7EA}.Debug|Any CPU.Build.0 = Debug|Any CPU
		{069925C7-8B79-4FDF-8C40-D2869445E7EA}.Release|Any CPU.ActiveCfg = Release|Any CPU
		{069925C7-8B79-4FDF-8C40-D2869445E7EA}.Release|Any CPU.Build.0 = Release|Any CPU
		{F7DB4D13-E9B6-4BCE-99BC-56C77EFCA5A4}.Debug|Any CPU.ActiveCfg = Debug|Any CPU
		{F7DB4D13-E9B6-4BCE-99BC-56C77EFCA5A4}.Debug|Any CPU.Build.0 = Debug|Any CPU
		{F7DB4D13-E9B6-4BCE-99BC-56C77EFCA5A4}.Release|Any CPU.ActiveCfg = Release|Any CPU
		{F7DB4D13-E9B6-4BCE-99BC-56C77EFCA5A4}.Release|Any CPU.Build.0 = Release|Any CPU
		{154FFCE9-E2E8-4D3D-8959-4710A62F4B21}.Debug|Any CPU.ActiveCfg = Debug|Any CPU
		{154FFCE9-E2E8-4D3D-8959-4710A62F4B21}.Debug|Any CPU.Build.0 = Debug|Any CPU
		{154FFCE9-E2E8-4D3D-8959-4710A62F4B21}.Release|Any CPU.ActiveCfg = Release|Any CPU
		{154FFCE9-E2E8-4D3D-8959-4710A62F4B21}.Release|Any CPU.Build.0 = Release|Any CPU
		{F71AAD63-BCEE-4788-9390-666B6EDE28A0}.Debug|Any CPU.ActiveCfg = Debug|Any CPU
		{F71AAD63-BCEE-4788-9390-666B6EDE28A0}.Debug|Any CPU.Build.0 = Debug|Any CPU
		{F71AAD63-BCEE-4788-9390-666B6EDE28A0}.Release|Any CPU.ActiveCfg = Release|Any CPU
		{F71AAD63-BCEE-4788-9390-666B6EDE28A0}.Release|Any CPU.Build.0 = Release|Any CPU
		{DBBC69A8-E1D5-4A7E-B634-5CAA69936853}.Debug|Any CPU.ActiveCfg = Debug|Any CPU
		{DBBC69A8-E1D5-4A7E-B634-5CAA69936853}.Debug|Any CPU.Build.0 = Debug|Any CPU
		{DBBC69A8-E1D5-4A7E-B634-5CAA69936853}.Release|Any CPU.ActiveCfg = Release|Any CPU
		{DBBC69A8-E1D5-4A7E-B634-5CAA69936853}.Release|Any CPU.Build.0 = Release|Any CPU
	EndGlobalSection
	GlobalSection(NestedProjects) = preSolution
		{08B4F192-ED07-445F-BCF4-DBFCC919E6FD} = {0D76860A-E6B8-4546-8310-AE9B13D97F56}
		{069925C7-8B79-4FDF-8C40-D2869445E7EA} = {0D76860A-E6B8-4546-8310-AE9B13D97F56}
		{154FFCE9-E2E8-4D3D-8959-4710A62F4B21} = {E1AF7739-5FDF-4E02-B7A5-8DA9A7CBD6F0}
		{F7DB4D13-E9B6-4BCE-99BC-56C77EFCA5A4} = {E1AF7739-5FDF-4E02-B7A5-8DA9A7CBD6F0}
		{518F3172-A3C4-4A3A-9714-026DEBCEB21C} = {E1AF7739-5FDF-4E02-B7A5-8DA9A7CBD6F0}
		{F71AAD63-BCEE-4788-9390-666B6EDE28A0} = {C6CD551C-98C5-4741-BB0C-949CA2C20288}
		{DBBC69A8-E1D5-4A7E-B634-5CAA69936853} = {945D8908-F90B-4ABC-8BB1-A8A7CAB0FCDC}
	EndGlobalSection
EndGlobal
